
Microsoft Visual Studio Solution File, Format Version 12.00
# Visual Studio Version 17
VisualStudioVersion = 17.0.31903.59
MinimumVisualStudioVersion = 10.0.40219.1
Project("{FAE04EC0-301F-11D3-BF4B-00C04F79EFBC}") = "Lib", "src\Lib\Lib.csproj", "{E47AD3AD-0DE4-49B8-AAE6-91653AA4BA23}"
EndProject
Project("{FAE04EC0-301F-11D3-BF4B-00C04F79EFBC}") = "SmallsOnline.TeamsAttendance", "SmallsOnline.TeamsAttendance.proj", "{C3C19816-5558-451C-BDD5-53FD5D7C448B}"
EndProject
Global
	GlobalSection(SolutionConfigurationPlatforms) = preSolution
		Debug|Any CPU = Debug|Any CPU
		Release|Any CPU = Release|Any CPU
	EndGlobalSection
	GlobalSection(SolutionProperties) = preSolution
		HideSolutionNode = FALSE
	EndGlobalSection
	GlobalSection(ProjectConfigurationPlatforms) = postSolution
		{E47AD3AD-0DE4-49B8-AAE6-91653AA4BA23}.Debug|Any CPU.ActiveCfg = Debug|Any CPU
		{E47AD3AD-0DE4-49B8-AAE6-91653AA4BA23}.Debug|Any CPU.Build.0 = Debug|Any CPU
		{E47AD3AD-0DE4-49B8-AAE6-91653AA4BA23}.Release|Any CPU.ActiveCfg = Release|Any CPU
		{E47AD3AD-0DE4-49B8-AAE6-91653AA4BA23}.Release|Any CPU.Build.0 = Release|Any CPU
	EndGlobalSection
	GlobalSection(NestedProjects) = preSolution
	EndGlobalSection
EndGlobal
